
Microsoft Visual Studio Solution File, Format Version 12.00
# Visual Studio Version 17
VisualStudioVersion = 17.12.35707.178
MinimumVisualStudioVersion = 10.0.40219.1
Project("{FAE04EC0-301F-11D3-BF4B-00C04F79EFBC}") = "GestionCasinoAochengYe", "GestionCasinoAochengYe\GestionCasinoAochengYe.csproj", "{D61EC87D-89CF-4AD1-B8A6-498F744B015C}"
EndProject
Project("{54435603-DBB4-11D2-8724-00A0C9A8B90C}") = "GestionCasino", "GestionCasino\GestionCasino.vdproj", "{19D3AD39-CED9-4AFB-94FF-188F3289CE78}"
EndProject
Global
	GlobalSection(SolutionConfigurationPlatforms) = preSolution
		Debug|Any CPU = Debug|Any CPU
		Debug|ARM64 = Debug|ARM64
		Debug|x64 = Debug|x64
		Debug|x86 = Debug|x86
		Release|Any CPU = Release|Any CPU
		Release|ARM64 = Release|ARM64
		Release|x64 = Release|x64
		Release|x86 = Release|x86
	EndGlobalSection
	GlobalSection(ProjectConfigurationPlatforms) = postSolution
		{D61EC87D-89CF-4AD1-B8A6-498F744B015C}.Debug|Any CPU.ActiveCfg = Debug|Any CPU
		{D61EC87D-89CF-4AD1-B8A6-498F744B015C}.Debug|Any CPU.Build.0 = Debug|Any CPU
		{D61EC87D-89CF-4AD1-B8A6-498F744B015C}.Debug|ARM64.ActiveCfg = Debug|Any CPU
		{D61EC87D-89CF-4AD1-B8A6-498F744B015C}.Debug|ARM64.Build.0 = Debug|Any CPU
		{D61EC87D-89CF-4AD1-B8A6-498F744B015C}.Debug|x64.ActiveCfg = Debug|Any CPU
		{D61EC87D-89CF-4AD1-B8A6-498F744B015C}.Debug|x64.Build.0 = Debug|Any CPU
		{D61EC87D-89CF-4AD1-B8A6-498F744B015C}.Debug|x86.ActiveCfg = Debug|Any CPU
		{D61EC87D-89CF-4AD1-B8A6-498F744B015C}.Debug|x86.Build.0 = Debug|Any CPU
		{D61EC87D-89CF-4AD1-B8A6-498F744B015C}.Release|Any CPU.ActiveCfg = Release|Any CPU
		{D61EC87D-89CF-4AD1-B8A6-498F744B015C}.Release|Any CPU.Build.0 = Release|Any CPU
		{D61EC87D-89CF-4AD1-B8A6-498F744B015C}.Release|ARM64.ActiveCfg = Release|Any CPU
		{D61EC87D-89CF-4AD1-B8A6-498F744B015C}.Release|ARM64.Build.0 = Release|Any CPU
		{D61EC87D-89CF-4AD1-B8A6-498F744B015C}.Release|x64.ActiveCfg = Release|Any CPU
		{D61EC87D-89CF-4AD1-B8A6-498F744B015C}.Release|x64.Build.0 = Release|Any CPU
		{D61EC87D-89CF-4AD1-B8A6-498F744B015C}.Release|x86.ActiveCfg = Release|Any CPU
		{D61EC87D-89CF-4AD1-B8A6-498F744B015C}.Release|x86.Build.0 = Release|Any CPU
		{19D3AD39-CED9-4AFB-94FF-188F3289CE78}.Debug|Any CPU.ActiveCfg = Debug
		{19D3AD39-CED9-4AFB-94FF-188F3289CE78}.Debug|ARM64.ActiveCfg = Debug
		{19D3AD39-CED9-4AFB-94FF-188F3289CE78}.Debug|x64.ActiveCfg = Debug
		{19D3AD39-CED9-4AFB-94FF-188F3289CE78}.Debug|x86.ActiveCfg = Debug
		{19D3AD39-CED9-4AFB-94FF-188F3289CE78}.Release|Any CPU.ActiveCfg = Release
		{19D3AD39-CED9-4AFB-94FF-188F3289CE78}.Release|ARM64.ActiveCfg = Release
		{19D3AD39-CED9-4AFB-94FF-188F3289CE78}.Release|x64.ActiveCfg = Release
		{19D3AD39-CED9-4AFB-94FF-188F3289CE78}.Release|x86.ActiveCfg = Release
	EndGlobalSection
	GlobalSection(SolutionProperties) = preSolution
		HideSolutionNode = FALSE
	EndGlobalSection
	GlobalSection(ExtensibilityGlobals) = postSolution
		SolutionGuid = {17BE19FE-9CDF-427B-AF30-C0A7C5580042}
	EndGlobalSection
EndGlobal
